
Microsoft Visual Studio Solution File, Format Version 12.00
# Visual Studio Version 17
VisualStudioVersion = 17.11.35327.3
MinimumVisualStudioVersion = 10.0.40219.1
Project("{FAE04EC0-301F-11D3-BF4B-00C04F79EFBC}") = "Maschinenampel.Server", "Maschinenampel.Server\Maschinenampel.Server.csproj", "{4979A582-9192-40AE-9F8E-128B51F24D6B}"
EndProject
Project("{54A90642-561A-4BB1-A94E-469ADEE60C69}") = "maschinenampel.client", "maschinenampel.client\maschinenampel.client.esproj", "{96BA3566-88D6-4433-B701-57137C9AF561}"
EndProject
Global
	GlobalSection(SolutionConfigurationPlatforms) = preSolution
		Debug|Any CPU = Debug|Any CPU
		Release|Any CPU = Release|Any CPU
	EndGlobalSection
	GlobalSection(ProjectConfigurationPlatforms) = postSolution
		{4979A582-9192-40AE-9F8E-128B51F24D6B}.Debug|Any CPU.ActiveCfg = Debug|Any CPU
		{4979A582-9192-40AE-9F8E-128B51F24D6B}.Debug|Any CPU.Build.0 = Debug|Any CPU
		{4979A582-9192-40AE-9F8E-128B51F24D6B}.Release|Any CPU.ActiveCfg = Release|Any CPU
		{4979A582-9192-40AE-9F8E-128B51F24D6B}.Release|Any CPU.Build.0 = Release|Any CPU
		{96BA3566-88D6-4433-B701-57137C9AF561}.Debug|Any CPU.ActiveCfg = Debug|Any CPU
		{96BA3566-88D6-4433-B701-57137C9AF561}.Debug|Any CPU.Build.0 = Debug|Any CPU
		{96BA3566-88D6-4433-B701-57137C9AF561}.Debug|Any CPU.Deploy.0 = Debug|Any CPU
		{96BA3566-88D6-4433-B701-57137C9AF561}.Release|Any CPU.ActiveCfg = Release|Any CPU
		{96BA3566-88D6-4433-B701-57137C9AF561}.Release|Any CPU.Build.0 = Release|Any CPU
		{96BA3566-88D6-4433-B701-57137C9AF561}.Release|Any CPU.Deploy.0 = Release|Any CPU
	EndGlobalSection
	GlobalSection(SolutionProperties) = preSolution
		HideSolutionNode = FALSE
	EndGlobalSection
	GlobalSection(ExtensibilityGlobals) = postSolution
		SolutionGuid = {80DA882D-AF89-4C7A-8608-99A248FCCDB4}
	EndGlobalSection
EndGlobal
